
Microsoft Visual Studio Solution File, Format Version 12.00
# Visual Studio 15
VisualStudioVersion = 15.0.27130.2024
MinimumVisualStudioVersion = 10.0.40219.1
Project("{8BC9CEB8-8B4A-11D0-8D11-00A0C91BC942}") = "RelationalOperators", "RelationalOperators.vcxproj", "{1E4A4FD5-3F6A-4DB0-9DA1-3321785880CD}"
EndProject
Global
	GlobalSection(SolutionConfigurationPlatforms) = preSolution
		Debug|x64 = Debug|x64
		Debug|x86 = Debug|x86
		Release|x64 = Release|x64
		Release|x86 = Release|x86
	EndGlobalSection
	GlobalSection(ProjectConfigurationPlatforms) = postSolution
		{1E4A4FD5-3F6A-4DB0-9DA1-3321785880CD}.Debug|x64.ActiveCfg = Debug|x64
		{1E4A4FD5-3F6A-4DB0-9DA1-3321785880CD}.Debug|x64.Build.0 = Debug|x64
		{1E4A4FD5-3F6A-4DB0-9DA1-3321785880CD}.Debug|x86.ActiveCfg = Debug|Win32
		{1E4A4FD5-3F6A-4DB0-9DA1-3321785880CD}.Debug|x86.Build.0 = Debug|Win32
		{1E4A4FD5-3F6A-4DB0-9DA1-3321785880CD}.Release|x64.ActiveCfg = Release|x64
		{1E4A4FD5-3F6A-4DB0-9DA1-3321785880CD}.Release|x64.Build.0 = Release|x64
		{1E4A4FD5-3F6A-4DB0-9DA1-3321785880CD}.Release|x86.ActiveCfg = Release|Win32
		{1E4A4FD5-3F6A-4DB0-9DA1-3321785880CD}.Release|x86.Build.0 = Release|Win32
	EndGlobalSection
	GlobalSection(SolutionProperties) = preSolution
		HideSolutionNode = FALSE
	EndGlobalSection
	GlobalSection(ExtensibilityGlobals) = postSolution
		SolutionGuid = {AE2BB3A6-A68A-4D0E-A0A5-6B4074BF8AA0}
	EndGlobalSection
EndGlobal
